
Microsoft Visual Studio Solution File, Format Version 12.00
# Visual Studio 15
VisualStudioVersion = 15.0.28307.421
MinimumVisualStudioVersion = 10.0.40219.1
Project("{D954291E-2A0B-460D-934E-DC6B0785DB48}") = "XNA Monogame Pixel Collision", "XNA Monogame Pixel Collision.shproj", "{A0CDBD0E-3A41-42B7-9425-A838BC2C7383}"
EndProject
Project("{FAE04EC0-301F-11D3-BF4B-00C04F79EFBC}") = "Desktop", "..\Desktop\Desktop.csproj", "{276A5C5A-42AD-4E16-905F-FB3E59F2C959}"
EndProject
Global
	GlobalSection(SharedMSBuildProjectFiles) = preSolution
		XNA_Monogame_Pixel_Collision.projitems*{a0cdbd0e-3a41-42b7-9425-a838bc2c7383}*SharedItemsImports = 13
	EndGlobalSection
	GlobalSection(SolutionConfigurationPlatforms) = preSolution
		Debug|Any CPU = Debug|Any CPU
		Release|Any CPU = Release|Any CPU
	EndGlobalSection
	GlobalSection(ProjectConfigurationPlatforms) = postSolution
		{276A5C5A-42AD-4E16-905F-FB3E59F2C959}.Debug|Any CPU.ActiveCfg = Debug|Any CPU
		{276A5C5A-42AD-4E16-905F-FB3E59F2C959}.Debug|Any CPU.Build.0 = Debug|Any CPU
		{276A5C5A-42AD-4E16-905F-FB3E59F2C959}.Release|Any CPU.ActiveCfg = Release|Any CPU
		{276A5C5A-42AD-4E16-905F-FB3E59F2C959}.Release|Any CPU.Build.0 = Release|Any CPU
	EndGlobalSection
	GlobalSection(SolutionProperties) = preSolution
		HideSolutionNode = FALSE
	EndGlobalSection
	GlobalSection(ExtensibilityGlobals) = postSolution
		SolutionGuid = {787FA19D-FC04-4DEE-A025-47808509E15D}
	EndGlobalSection
EndGlobal
